
Microsoft Visual Studio Solution File, Format Version 12.00
# Visual Studio 15
VisualStudioVersion = 15.0.28307.852
MinimumVisualStudioVersion = 10.0.40219.1
Project("{9A19103F-16F7-4668-BE54-9A1E7A4F7556}") = "DistanciaAmigos", "DistanciaAmigos\DistanciaAmigos.csproj", "{86297401-B02F-4B0A-BC6A-4868935191F2}"
EndProject
Project("{9A19103F-16F7-4668-BE54-9A1E7A4F7556}") = "Teste", "Teste\Teste.csproj", "{CFB9A46B-1377-4860-ADBF-42987A96A62F}"
EndProject
Global
	GlobalSection(SolutionConfigurationPlatforms) = preSolution
		Debug|Any CPU = Debug|Any CPU
		Release|Any CPU = Release|Any CPU
	EndGlobalSection
	GlobalSection(ProjectConfigurationPlatforms) = postSolution
		{86297401-B02F-4B0A-BC6A-4868935191F2}.Debug|Any CPU.ActiveCfg = Debug|Any CPU
		{86297401-B02F-4B0A-BC6A-4868935191F2}.Debug|Any CPU.Build.0 = Debug|Any CPU
		{86297401-B02F-4B0A-BC6A-4868935191F2}.Release|Any CPU.ActiveCfg = Release|Any CPU
		{86297401-B02F-4B0A-BC6A-4868935191F2}.Release|Any CPU.Build.0 = Release|Any CPU
		{CFB9A46B-1377-4860-ADBF-42987A96A62F}.Debug|Any CPU.ActiveCfg = Debug|Any CPU
		{CFB9A46B-1377-4860-ADBF-42987A96A62F}.Debug|Any CPU.Build.0 = Debug|Any CPU
		{CFB9A46B-1377-4860-ADBF-42987A96A62F}.Release|Any CPU.ActiveCfg = Release|Any CPU
		{CFB9A46B-1377-4860-ADBF-42987A96A62F}.Release|Any CPU.Build.0 = Release|Any CPU
	EndGlobalSection
	GlobalSection(SolutionProperties) = preSolution
		HideSolutionNode = FALSE
	EndGlobalSection
	GlobalSection(ExtensibilityGlobals) = postSolution
		SolutionGuid = {F0E72677-7ED1-42C5-AEE4-6BB3163B8189}
	EndGlobalSection
EndGlobal
